
Microsoft Visual Studio Solution File, Format Version 12.00
# Visual Studio Version 17
VisualStudioVersion = 17.8.34408.163
MinimumVisualStudioVersion = 10.0.40219.1
Project("{FAE04EC0-301F-11D3-BF4B-00C04F79EFBC}") = "Kafka", "Kafka.csproj", "{CF9A7658-7C4E-4093-BACF-55E6EBE926CC}"
EndProject
Global
	GlobalSection(SolutionConfigurationPlatforms) = preSolution
		Debug|Any CPU = Debug|Any CPU
		Release|Any CPU = Release|Any CPU
	EndGlobalSection
	GlobalSection(ProjectConfigurationPlatforms) = postSolution
		{CF9A7658-7C4E-4093-BACF-55E6EBE926CC}.Debug|Any CPU.ActiveCfg = Debug|Any CPU
		{CF9A7658-7C4E-4093-BACF-55E6EBE926CC}.Debug|Any CPU.Build.0 = Debug|Any CPU
		{CF9A7658-7C4E-4093-BACF-55E6EBE926CC}.Release|Any CPU.ActiveCfg = Release|Any CPU
		{CF9A7658-7C4E-4093-BACF-55E6EBE926CC}.Release|Any CPU.Build.0 = Release|Any CPU
	EndGlobalSection
	GlobalSection(SolutionProperties) = preSolution
		HideSolutionNode = FALSE
	EndGlobalSection
	GlobalSection(ExtensibilityGlobals) = postSolution
		SolutionGuid = {6C5203C6-1DAD-4CCE-A02A-C5AF921210A2}
	EndGlobalSection
EndGlobal
